
Microsoft Visual Studio Solution File, Format Version 12.00
# Visual Studio Version 16
VisualStudioVersion = 16.0.31729.503
MinimumVisualStudioVersion = 10.0.40219.1
Project("{8BC9CEB8-8B4A-11D0-8D11-00A0C91BC942}") = "gra historyczna", "gra historyczna\gra historyczna.vcxproj", "{1F42EDDD-6C4E-44AD-8F5D-CF96E5DBE613}"
EndProject
Global
	GlobalSection(SolutionConfigurationPlatforms) = preSolution
		Debug|x64 = Debug|x64
		Debug|x86 = Debug|x86
		Release|x64 = Release|x64
		Release|x86 = Release|x86
	EndGlobalSection
	GlobalSection(ProjectConfigurationPlatforms) = postSolution
		{1F42EDDD-6C4E-44AD-8F5D-CF96E5DBE613}.Debug|x64.ActiveCfg = Debug|x64
		{1F42EDDD-6C4E-44AD-8F5D-CF96E5DBE613}.Debug|x64.Build.0 = Debug|x64
		{1F42EDDD-6C4E-44AD-8F5D-CF96E5DBE613}.Debug|x86.ActiveCfg = Debug|Win32
		{1F42EDDD-6C4E-44AD-8F5D-CF96E5DBE613}.Debug|x86.Build.0 = Debug|Win32
		{1F42EDDD-6C4E-44AD-8F5D-CF96E5DBE613}.Release|x64.ActiveCfg = Release|x64
		{1F42EDDD-6C4E-44AD-8F5D-CF96E5DBE613}.Release|x64.Build.0 = Release|x64
		{1F42EDDD-6C4E-44AD-8F5D-CF96E5DBE613}.Release|x86.ActiveCfg = Release|Win32
		{1F42EDDD-6C4E-44AD-8F5D-CF96E5DBE613}.Release|x86.Build.0 = Release|Win32
	EndGlobalSection
	GlobalSection(SolutionProperties) = preSolution
		HideSolutionNode = FALSE
	EndGlobalSection
	GlobalSection(ExtensibilityGlobals) = postSolution
		SolutionGuid = {F89800FB-597F-4519-A0D3-FFA47E43EFC2}
	EndGlobalSection
EndGlobal
